
Microsoft Visual Studio Solution File, Format Version 12.00
# Visual Studio Version 17
VisualStudioVersion = 17.6.33815.320
MinimumVisualStudioVersion = 10.0.40219.1
Project("{9A19103F-16F7-4668-BE54-9A1E7A4F7556}") = "BethanysPieShopHRM.App", "BethanysPieShopHRM.App\BethanysPieShopHRM.App.csproj", "{3DA31340-498C-46A8-B14F-716A147545B4}"
EndProject
Project("{9A19103F-16F7-4668-BE54-9A1E7A4F7556}") = "BethanysPieShopHRM.Shared", "BethanysPieShopHRM.Shared\BethanysPieShopHRM.Shared.csproj", "{CF98DCB0-A064-447F-885C-C4AAF877749D}"
EndProject
Project("{9A19103F-16F7-4668-BE54-9A1E7A4F7556}") = "BethanysPieShopHRM.Api", "BethanysPieShopHRM.Api\BethanysPieShopHRM.Api.csproj", "{8E421194-C06B-4C86-9BEF-5FD10D759BF7}"
EndProject
Project("{9A19103F-16F7-4668-BE54-9A1E7A4F7556}") = "BethanysPieShopHRM.ComponentsLibrary", "BethanysPieShopHRM.ComponentsLibrary\BethanysPieShopHRM.ComponentsLibrary.csproj", "{DDB16FCC-5C4D-43B7-A32E-2090667669B0}"
EndProject
Project("{FAE04EC0-301F-11D3-BF4B-00C04F79EFBC}") = "BethanysPieShopHRM.Server", "BethanysPieShopHRM.Server\BethanysPieShopHRM.Server.csproj", "{BF6CD10E-B1D0-4307-8868-AFC552FD109A}"
EndProject
Project("{FAE04EC0-301F-11D3-BF4B-00C04F79EFBC}") = "BethanysPieShopHRM.Client", "BethanysPieShopHRM.Client\BethanysPieShopHRM.Client.csproj", "{89A733D0-F5CE-4DFD-8266-071C55EAFA18}"
EndProject
Global
	GlobalSection(SolutionConfigurationPlatforms) = preSolution
		Debug|Any CPU = Debug|Any CPU
		Release|Any CPU = Release|Any CPU
	EndGlobalSection
	GlobalSection(ProjectConfigurationPlatforms) = postSolution
		{3DA31340-498C-46A8-B14F-716A147545B4}.Debug|Any CPU.ActiveCfg = Debug|Any CPU
		{3DA31340-498C-46A8-B14F-716A147545B4}.Debug|Any CPU.Build.0 = Debug|Any CPU
		{3DA31340-498C-46A8-B14F-716A147545B4}.Release|Any CPU.ActiveCfg = Release|Any CPU
		{3DA31340-498C-46A8-B14F-716A147545B4}.Release|Any CPU.Build.0 = Release|Any CPU
		{CF98DCB0-A064-447F-885C-C4AAF877749D}.Debug|Any CPU.ActiveCfg = Debug|Any CPU
		{CF98DCB0-A064-447F-885C-C4AAF877749D}.Debug|Any CPU.Build.0 = Debug|Any CPU
		{CF98DCB0-A064-447F-885C-C4AAF877749D}.Release|Any CPU.ActiveCfg = Release|Any CPU
		{CF98DCB0-A064-447F-885C-C4AAF877749D}.Release|Any CPU.Build.0 = Release|Any CPU
		{8E421194-C06B-4C86-9BEF-5FD10D759BF7}.Debug|Any CPU.ActiveCfg = Debug|Any CPU
		{8E421194-C06B-4C86-9BEF-5FD10D759BF7}.Debug|Any CPU.Build.0 = Debug|Any CPU
		{8E421194-C06B-4C86-9BEF-5FD10D759BF7}.Release|Any CPU.ActiveCfg = Release|Any CPU
		{8E421194-C06B-4C86-9BEF-5FD10D759BF7}.Release|Any CPU.Build.0 = Release|Any CPU
		{DDB16FCC-5C4D-43B7-A32E-2090667669B0}.Debug|Any CPU.ActiveCfg = Debug|Any CPU
		{DDB16FCC-5C4D-43B7-A32E-2090667669B0}.Debug|Any CPU.Build.0 = Debug|Any CPU
		{DDB16FCC-5C4D-43B7-A32E-2090667669B0}.Release|Any CPU.ActiveCfg = Release|Any CPU
		{DDB16FCC-5C4D-43B7-A32E-2090667669B0}.Release|Any CPU.Build.0 = Release|Any CPU
		{BF6CD10E-B1D0-4307-8868-AFC552FD109A}.Debug|Any CPU.ActiveCfg = Debug|Any CPU
		{BF6CD10E-B1D0-4307-8868-AFC552FD109A}.Debug|Any CPU.Build.0 = Debug|Any CPU
		{BF6CD10E-B1D0-4307-8868-AFC552FD109A}.Release|Any CPU.ActiveCfg = Release|Any CPU
		{BF6CD10E-B1D0-4307-8868-AFC552FD109A}.Release|Any CPU.Build.0 = Release|Any CPU
		{89A733D0-F5CE-4DFD-8266-071C55EAFA18}.Debug|Any CPU.ActiveCfg = Debug|Any CPU
		{89A733D0-F5CE-4DFD-8266-071C55EAFA18}.Debug|Any CPU.Build.0 = Debug|Any CPU
		{89A733D0-F5CE-4DFD-8266-071C55EAFA18}.Release|Any CPU.ActiveCfg = Release|Any CPU
		{89A733D0-F5CE-4DFD-8266-071C55EAFA18}.Release|Any CPU.Build.0 = Release|Any CPU
	EndGlobalSection
	GlobalSection(SolutionProperties) = preSolution
		HideSolutionNode = FALSE
	EndGlobalSection
	GlobalSection(ExtensibilityGlobals) = postSolution
		SolutionGuid = {13946162-3B02-4F22-A496-AD38424FD64A}
	EndGlobalSection
EndGlobal
